
Microsoft Visual Studio Solution File, Format Version 12.00
# Visual Studio Version 17
VisualStudioVersion = 17.7.34221.43
MinimumVisualStudioVersion = 10.0.40219.1
Project("{8BC9CEB8-8B4A-11D0-8D11-00A0C91BC942}") = "WindowsProject1", "WindowsProject1.vcxproj", "{00D7109C-33C7-4BC9-BCD5-B87C8435A6AF}"
EndProject
Global
	GlobalSection(SolutionConfigurationPlatforms) = preSolution
		Debug|x64 = Debug|x64
		Debug|x86 = Debug|x86
		Release|x64 = Release|x64
		Release|x86 = Release|x86
	EndGlobalSection
	GlobalSection(ProjectConfigurationPlatforms) = postSolution
		{00D7109C-33C7-4BC9-BCD5-B87C8435A6AF}.Debug|x64.ActiveCfg = Debug|x64
		{00D7109C-33C7-4BC9-BCD5-B87C8435A6AF}.Debug|x64.Build.0 = Debug|x64
		{00D7109C-33C7-4BC9-BCD5-B87C8435A6AF}.Debug|x86.ActiveCfg = Debug|Win32
		{00D7109C-33C7-4BC9-BCD5-B87C8435A6AF}.Debug|x86.Build.0 = Debug|Win32
		{00D7109C-33C7-4BC9-BCD5-B87C8435A6AF}.Release|x64.ActiveCfg = Release|x64
		{00D7109C-33C7-4BC9-BCD5-B87C8435A6AF}.Release|x64.Build.0 = Release|x64
		{00D7109C-33C7-4BC9-BCD5-B87C8435A6AF}.Release|x86.ActiveCfg = Release|Win32
		{00D7109C-33C7-4BC9-BCD5-B87C8435A6AF}.Release|x86.Build.0 = Release|Win32
	EndGlobalSection
	GlobalSection(SolutionProperties) = preSolution
		HideSolutionNode = FALSE
	EndGlobalSection
	GlobalSection(ExtensibilityGlobals) = postSolution
		SolutionGuid = {65441ECA-0DE9-46A5-9E6D-CF597E027D58}
	EndGlobalSection
EndGlobal
